
Microsoft Visual Studio Solution File, Format Version 12.00
# Visual Studio Version 17
VisualStudioVersion = 17.0.31903.59
MinimumVisualStudioVersion = 10.0.40219.1
Project("{9A19103F-16F7-4668-BE54-9A1E7A4F7556}") = "Metapsi.Runtime", "Metapsi.Runtime\Metapsi.Runtime.csproj", "{9852E84C-5B85-489E-B57F-7BD2FAAC913D}"
EndProject
Project("{9A19103F-16F7-4668-BE54-9A1E7A4F7556}") = "Metapsi.Web", "Metapsi.Web\Metapsi.Web.csproj", "{4CE9CC4A-74FA-414E-93F5-DF25E7F75D79}"
EndProject
Project("{9A19103F-16F7-4668-BE54-9A1E7A4F7556}") = "Metapsi.Module", "Metapsi.Module\Metapsi.Module.csproj", "{A8C0A22E-4CB7-49AA-A921-2FD4FE775A2D}"
EndProject
Project("{9A19103F-16F7-4668-BE54-9A1E7A4F7556}") = "Metapsi.Hyperapp", "Metapsi.Hyperapp\Metapsi.Hyperapp.csproj", "{325D2766-C97D-419A-A467-026020482D2B}"
EndProject
Project("{9A19103F-16F7-4668-BE54-9A1E7A4F7556}") = "MetapsiEditor", "MetapsiEditor\MetapsiEditor.csproj", "{87FC46F0-5984-4407-A16A-0C77BC529C11}"
EndProject
Project("{9A19103F-16F7-4668-BE54-9A1E7A4F7556}") = "Metapsi.JavaScript", "Metapsi.JavaScript\Metapsi.JavaScript.csproj", "{F5D59282-AB1B-4BDB-9C93-6B3522A78744}"
EndProject
Project("{9A19103F-16F7-4668-BE54-9A1E7A4F7556}") = "Metapsi.Ui", "Metapsi.Ui\Metapsi.Ui.csproj", "{5364AA51-D786-43A7-91DA-0B2F7F68321E}"
EndProject
Project("{9A19103F-16F7-4668-BE54-9A1E7A4F7556}") = "Metapsi.SQLite", "Metapsi.Sqlite\Metapsi.SQLite.csproj", "{13905C55-A2F5-4380-B1C8-2660DD07E252}"
EndProject
Project("{9A19103F-16F7-4668-BE54-9A1E7A4F7556}") = "Metapsi.Web.DataModel", "Metapsi.Web.DataModel\Metapsi.Web.DataModel.csproj", "{40C681E0-409F-49E3-BC7B-5E7EE304A1CB}"
EndProject
Project("{9A19103F-16F7-4668-BE54-9A1E7A4F7556}") = "Metapsi.Heroicons", "Metapsi.Heroicons\Metapsi.Heroicons.csproj", "{34F2064B-2012-4AB0-BC83-56697A8A984D}"
EndProject
Global
	GlobalSection(SolutionConfigurationPlatforms) = preSolution
		Debug|Any CPU = Debug|Any CPU
		Release|Any CPU = Release|Any CPU
	EndGlobalSection
	GlobalSection(ProjectConfigurationPlatforms) = postSolution
		{9852E84C-5B85-489E-B57F-7BD2FAAC913D}.Debug|Any CPU.ActiveCfg = Debug|Any CPU
		{9852E84C-5B85-489E-B57F-7BD2FAAC913D}.Debug|Any CPU.Build.0 = Debug|Any CPU
		{9852E84C-5B85-489E-B57F-7BD2FAAC913D}.Release|Any CPU.ActiveCfg = Release|Any CPU
		{9852E84C-5B85-489E-B57F-7BD2FAAC913D}.Release|Any CPU.Build.0 = Release|Any CPU
		{4CE9CC4A-74FA-414E-93F5-DF25E7F75D79}.Debug|Any CPU.ActiveCfg = Debug|Any CPU
		{4CE9CC4A-74FA-414E-93F5-DF25E7F75D79}.Debug|Any CPU.Build.0 = Debug|Any CPU
		{4CE9CC4A-74FA-414E-93F5-DF25E7F75D79}.Release|Any CPU.ActiveCfg = Release|Any CPU
		{4CE9CC4A-74FA-414E-93F5-DF25E7F75D79}.Release|Any CPU.Build.0 = Release|Any CPU
		{A8C0A22E-4CB7-49AA-A921-2FD4FE775A2D}.Debug|Any CPU.ActiveCfg = Debug|Any CPU
		{A8C0A22E-4CB7-49AA-A921-2FD4FE775A2D}.Debug|Any CPU.Build.0 = Debug|Any CPU
		{A8C0A22E-4CB7-49AA-A921-2FD4FE775A2D}.Release|Any CPU.ActiveCfg = Release|Any CPU
		{A8C0A22E-4CB7-49AA-A921-2FD4FE775A2D}.Release|Any CPU.Build.0 = Release|Any CPU
		{325D2766-C97D-419A-A467-026020482D2B}.Debug|Any CPU.ActiveCfg = Debug|Any CPU
		{325D2766-C97D-419A-A467-026020482D2B}.Debug|Any CPU.Build.0 = Debug|Any CPU
		{325D2766-C97D-419A-A467-026020482D2B}.Release|Any CPU.ActiveCfg = Release|Any CPU
		{325D2766-C97D-419A-A467-026020482D2B}.Release|Any CPU.Build.0 = Release|Any CPU
		{87FC46F0-5984-4407-A16A-0C77BC529C11}.Debug|Any CPU.ActiveCfg = Debug|Any CPU
		{87FC46F0-5984-4407-A16A-0C77BC529C11}.Debug|Any CPU.Build.0 = Debug|Any CPU
		{87FC46F0-5984-4407-A16A-0C77BC529C11}.Release|Any CPU.ActiveCfg = Release|Any CPU
		{87FC46F0-5984-4407-A16A-0C77BC529C11}.Release|Any CPU.Build.0 = Release|Any CPU
		{F5D59282-AB1B-4BDB-9C93-6B3522A78744}.Debug|Any CPU.ActiveCfg = Debug|Any CPU
		{F5D59282-AB1B-4BDB-9C93-6B3522A78744}.Debug|Any CPU.Build.0 = Debug|Any CPU
		{F5D59282-AB1B-4BDB-9C93-6B3522A78744}.Release|Any CPU.ActiveCfg = Release|Any CPU
		{F5D59282-AB1B-4BDB-9C93-6B3522A78744}.Release|Any CPU.Build.0 = Release|Any CPU
		{5364AA51-D786-43A7-91DA-0B2F7F68321E}.Debug|Any CPU.ActiveCfg = Debug|Any CPU
		{5364AA51-D786-43A7-91DA-0B2F7F68321E}.Debug|Any CPU.Build.0 = Debug|Any CPU
		{5364AA51-D786-43A7-91DA-0B2F7F68321E}.Release|Any CPU.ActiveCfg = Release|Any CPU
		{5364AA51-D786-43A7-91DA-0B2F7F68321E}.Release|Any CPU.Build.0 = Release|Any CPU
		{13905C55-A2F5-4380-B1C8-2660DD07E252}.Debug|Any CPU.ActiveCfg = Debug|Any CPU
		{13905C55-A2F5-4380-B1C8-2660DD07E252}.Debug|Any CPU.Build.0 = Debug|Any CPU
		{13905C55-A2F5-4380-B1C8-2660DD07E252}.Release|Any CPU.ActiveCfg = Release|Any CPU
		{13905C55-A2F5-4380-B1C8-2660DD07E252}.Release|Any CPU.Build.0 = Release|Any CPU
		{40C681E0-409F-49E3-BC7B-5E7EE304A1CB}.Debug|Any CPU.ActiveCfg = Debug|Any CPU
		{40C681E0-409F-49E3-BC7B-5E7EE304A1CB}.Debug|Any CPU.Build.0 = Debug|Any CPU
		{40C681E0-409F-49E3-BC7B-5E7EE304A1CB}.Release|Any CPU.ActiveCfg = Release|Any CPU
		{40C681E0-409F-49E3-BC7B-5E7EE304A1CB}.Release|Any CPU.Build.0 = Release|Any CPU
		{34F2064B-2012-4AB0-BC83-56697A8A984D}.Debug|Any CPU.ActiveCfg = Debug|Any CPU
		{34F2064B-2012-4AB0-BC83-56697A8A984D}.Debug|Any CPU.Build.0 = Debug|Any CPU
		{34F2064B-2012-4AB0-BC83-56697A8A984D}.Release|Any CPU.ActiveCfg = Release|Any CPU
		{34F2064B-2012-4AB0-BC83-56697A8A984D}.Release|Any CPU.Build.0 = Release|Any CPU
	EndGlobalSection
	GlobalSection(SolutionProperties) = preSolution
		HideSolutionNode = FALSE
	EndGlobalSection
	GlobalSection(ExtensibilityGlobals) = postSolution
		SolutionGuid = {B8E7C8EF-5EB5-483F-AF90-632C06F2D9CA}
	EndGlobalSection
EndGlobal
