
Microsoft Visual Studio Solution File, Format Version 12.00
# Visual Studio Version 17
VisualStudioVersion = 17.0.31903.59
MinimumVisualStudioVersion = 10.0.40219.1
Project("{9A19103F-16F7-4668-BE54-9A1E7A4F7556}") = "Metapsi.Tutorial.Template", "Metapsi.Tutorial.Template.csproj", "{5E4E7A66-33A3-460C-9B4A-F8A7E6B1E99D}"
EndProject
Project("{9A19103F-16F7-4668-BE54-9A1E7A4F7556}") = "Metapsi.Hyperapp", "..\Metapsi.Hyperapp\Metapsi.Hyperapp.csproj", "{FEA27890-8880-4453-8B36-AD21A056F48E}"
EndProject
Project("{9A19103F-16F7-4668-BE54-9A1E7A4F7556}") = "Metapsi.JavaScript", "..\Metapsi.JavaScript\Metapsi.JavaScript.csproj", "{CCDAB3C4-0EA3-4BE7-AAF1-4319E62EE421}"
EndProject
Project("{9A19103F-16F7-4668-BE54-9A1E7A4F7556}") = "Metapsi.Module", "..\Metapsi.Module\Metapsi.Module.csproj", "{A936AC41-014C-4AB6-B8A0-4703FA9A3583}"
EndProject
Project("{9A19103F-16F7-4668-BE54-9A1E7A4F7556}") = "Metapsi.Ui", "..\Metapsi.Ui\Metapsi.Ui.csproj", "{A0E27484-FB97-4451-A899-8362ED910F4C}"
EndProject
Project("{9A19103F-16F7-4668-BE54-9A1E7A4F7556}") = "Metapsi.Web.DataModel", "..\Metapsi.Web.DataModel\Metapsi.Web.DataModel.csproj", "{802F0E42-70E9-4349-ABFF-576B4DE18094}"
EndProject
Project("{9A19103F-16F7-4668-BE54-9A1E7A4F7556}") = "Metapsi.Runtime", "..\Metapsi.Runtime\Metapsi.Runtime.csproj", "{AE1B1A01-0CA5-4F85-967D-7E0E1DDD7C80}"
EndProject
Global
	GlobalSection(SolutionConfigurationPlatforms) = preSolution
		Debug|Any CPU = Debug|Any CPU
		Release|Any CPU = Release|Any CPU
	EndGlobalSection
	GlobalSection(ProjectConfigurationPlatforms) = postSolution
		{5E4E7A66-33A3-460C-9B4A-F8A7E6B1E99D}.Debug|Any CPU.ActiveCfg = Debug|Any CPU
		{5E4E7A66-33A3-460C-9B4A-F8A7E6B1E99D}.Debug|Any CPU.Build.0 = Debug|Any CPU
		{5E4E7A66-33A3-460C-9B4A-F8A7E6B1E99D}.Release|Any CPU.ActiveCfg = Release|Any CPU
		{5E4E7A66-33A3-460C-9B4A-F8A7E6B1E99D}.Release|Any CPU.Build.0 = Release|Any CPU
		{FEA27890-8880-4453-8B36-AD21A056F48E}.Debug|Any CPU.ActiveCfg = Debug|Any CPU
		{FEA27890-8880-4453-8B36-AD21A056F48E}.Debug|Any CPU.Build.0 = Debug|Any CPU
		{FEA27890-8880-4453-8B36-AD21A056F48E}.Release|Any CPU.ActiveCfg = Release|Any CPU
		{FEA27890-8880-4453-8B36-AD21A056F48E}.Release|Any CPU.Build.0 = Release|Any CPU
		{CCDAB3C4-0EA3-4BE7-AAF1-4319E62EE421}.Debug|Any CPU.ActiveCfg = Debug|Any CPU
		{CCDAB3C4-0EA3-4BE7-AAF1-4319E62EE421}.Debug|Any CPU.Build.0 = Debug|Any CPU
		{CCDAB3C4-0EA3-4BE7-AAF1-4319E62EE421}.Release|Any CPU.ActiveCfg = Release|Any CPU
		{CCDAB3C4-0EA3-4BE7-AAF1-4319E62EE421}.Release|Any CPU.Build.0 = Release|Any CPU
		{A936AC41-014C-4AB6-B8A0-4703FA9A3583}.Debug|Any CPU.ActiveCfg = Debug|Any CPU
		{A936AC41-014C-4AB6-B8A0-4703FA9A3583}.Debug|Any CPU.Build.0 = Debug|Any CPU
		{A936AC41-014C-4AB6-B8A0-4703FA9A3583}.Release|Any CPU.ActiveCfg = Release|Any CPU
		{A936AC41-014C-4AB6-B8A0-4703FA9A3583}.Release|Any CPU.Build.0 = Release|Any CPU
		{A0E27484-FB97-4451-A899-8362ED910F4C}.Debug|Any CPU.ActiveCfg = Debug|Any CPU
		{A0E27484-FB97-4451-A899-8362ED910F4C}.Debug|Any CPU.Build.0 = Debug|Any CPU
		{A0E27484-FB97-4451-A899-8362ED910F4C}.Release|Any CPU.ActiveCfg = Release|Any CPU
		{A0E27484-FB97-4451-A899-8362ED910F4C}.Release|Any CPU.Build.0 = Release|Any CPU
		{802F0E42-70E9-4349-ABFF-576B4DE18094}.Debug|Any CPU.ActiveCfg = Debug|Any CPU
		{802F0E42-70E9-4349-ABFF-576B4DE18094}.Debug|Any CPU.Build.0 = Debug|Any CPU
		{802F0E42-70E9-4349-ABFF-576B4DE18094}.Release|Any CPU.ActiveCfg = Release|Any CPU
		{802F0E42-70E9-4349-ABFF-576B4DE18094}.Release|Any CPU.Build.0 = Release|Any CPU
		{AE1B1A01-0CA5-4F85-967D-7E0E1DDD7C80}.Debug|Any CPU.ActiveCfg = Debug|Any CPU
		{AE1B1A01-0CA5-4F85-967D-7E0E1DDD7C80}.Debug|Any CPU.Build.0 = Debug|Any CPU
		{AE1B1A01-0CA5-4F85-967D-7E0E1DDD7C80}.Release|Any CPU.ActiveCfg = Release|Any CPU
		{AE1B1A01-0CA5-4F85-967D-7E0E1DDD7C80}.Release|Any CPU.Build.0 = Release|Any CPU
	EndGlobalSection
	GlobalSection(SolutionProperties) = preSolution
		HideSolutionNode = FALSE
	EndGlobalSection
	GlobalSection(ExtensibilityGlobals) = postSolution
		SolutionGuid = {91DBAE9A-3D0D-4454-ADE4-88F29E6AA41C}
	EndGlobalSection
EndGlobal
